// !$*UTF8*$!
{
	archiveVersion = 1;
	classes = {
	};
	objectVersion = 46;
	objects = {

/* Begin PBXBuildFile section */
		2EB3235A1D619EBA0099FE11 /* AppStateCoordinator.h in Headers */ = {isa = PBXBuildFile; fileRef = 2EB323591D619EBA0099FE11 /* AppStateCoordinator.h */; settings = {ATTRIBUTES = (Public, ); }; };
		2EB323611D619EBA0099FE11 /* AppStateCoordinator.framework in Frameworks */ = {isa = PBXBuildFile; fileRef = 2EB323561D619EBA0099FE11 /* AppStateCoordinator.framework */; };
		2EB323661D619EBA0099FE11 /* AppStateCoordinatorTests.swift in Sources */ = {isa = PBXBuildFile; fileRef = 2EB323651D619EBA0099FE11 /* AppStateCoordinatorTests.swift */; };
		2EB3237A1D61A7C60099FE11 /* AppState.swift in Sources */ = {isa = PBXBuildFile; fileRef = 2EB323771D61A7C60099FE11 /* AppState.swift */; };
		2EB3237B1D61A7C60099FE11 /* AppStateCoordinator.swift in Sources */ = {isa = PBXBuildFile; fileRef = 2EB323781D61A7C60099FE11 /* AppStateCoordinator.swift */; };
		2EB3237C1D61A7C60099FE11 /* AppStateViewController.swift in Sources */ = {isa = PBXBuildFile; fileRef = 2EB323791D61A7C60099FE11 /* AppStateViewController.swift */; };
		2EE919E91E4104090097AFBB /* ViewControllerStep.swift in Sources */ = {isa = PBXBuildFile; fileRef = 2EE919E81E4104090097AFBB /* ViewControllerStep.swift */; };
/* End PBXBuildFile section */

/* Begin PBXContainerItemProxy section */
		2EB323621D619EBA0099FE11 /* PBXContainerItemProxy */ = {
			isa = PBXContainerItemProxy;
			containerPortal = 2EB3234D1D619EBA0099FE11 /* Project object */;
			proxyType = 1;
			remoteGlobalIDString = 2EB323551D619EBA0099FE11;
			remoteInfo = AppStateCoordinator;
		};
/* End PBXContainerItemProxy section */

/* Begin PBXFileReference section */
		2EB323561D619EBA0099FE11 /* AppStateCoordinator.framework */ = {isa = PBXFileReference; explicitFileType = wrapper.framework; includeInIndex = 0; path = AppStateCoordinator.framework; sourceTree = BUILT_PRODUCTS_DIR; };
		2EB323591D619EBA0099FE11 /* AppStateCoordinator.h */ = {isa = PBXFileReference; lastKnownFileType = sourcecode.c.h; path = AppStateCoordinator.h; sourceTree = "<group>"; };
		2EB3235B1D619EBA0099FE11 /* Info.plist */ = {isa = PBXFileReference; lastKnownFileType = text.plist.xml; path = Info.plist; sourceTree = "<group>"; };
		2EB323601D619EBA0099FE11 /* AppStateCoordinatorTests.xctest */ = {isa = PBXFileReference; explicitFileType = wrapper.cfbundle; includeInIndex = 0; path = AppStateCoordinatorTests.xctest; sourceTree = BUILT_PRODUCTS_DIR; };
		2EB323651D619EBA0099FE11 /* AppStateCoordinatorTests.swift */ = {isa = PBXFileReference; lastKnownFileType = sourcecode.swift; path = AppStateCoordinatorTests.swift; sourceTree = "<group>"; };
		2EB323671D619EBA0099FE11 /* Info.plist */ = {isa = PBXFileReference; lastKnownFileType = text.plist.xml; path = Info.plist; sourceTree = "<group>"; };
		2EB323771D61A7C60099FE11 /* AppState.swift */ = {isa = PBXFileReference; fileEncoding = 4; lastKnownFileType = sourcecode.swift; path = AppState.swift; sourceTree = "<group>"; };
		2EB323781D61A7C60099FE11 /* AppStateCoordinator.swift */ = {isa = PBXFileReference; fileEncoding = 4; lastKnownFileType = sourcecode.swift; path = AppStateCoordinator.swift; sourceTree = "<group>"; };
		2EB323791D61A7C60099FE11 /* AppStateViewController.swift */ = {isa = PBXFileReference; fileEncoding = 4; lastKnownFileType = sourcecode.swift; path = AppStateViewController.swift; sourceTree = "<group>"; };
		2EE919E81E4104090097AFBB /* ViewControllerStep.swift */ = {isa = PBXFileReference; fileEncoding = 4; lastKnownFileType = sourcecode.swift; path = ViewControllerStep.swift; sourceTree = "<group>"; };
/* End PBXFileReference section */

/* Begin PBXFrameworksBuildPhase section */
		2EB323521D619EBA0099FE11 /* Frameworks */ = {
			isa = PBXFrameworksBuildPhase;
			buildActionMask = 2147483647;
			files = (
			);
			runOnlyForDeploymentPostprocessing = 0;
		};
		2EB3235D1D619EBA0099FE11 /* Frameworks */ = {
			isa = PBXFrameworksBuildPhase;
			buildActionMask = 2147483647;
			files = (
				2EB323611D619EBA0099FE11 /* AppStateCoordinator.framework in Frameworks */,
			);
			runOnlyForDeploymentPostprocessing = 0;
		};
/* End PBXFrameworksBuildPhase section */

/* Begin PBXGroup section */
		2EB3234C1D619EBA0099FE11 = {
			isa = PBXGroup;
			children = (
				2EB323581D619EBA0099FE11 /* AppStateCoordinator */,
				2EB323641D619EBA0099FE11 /* AppStateCoordinatorTests */,
				2EB323571D619EBA0099FE11 /* Products */,
			);
			sourceTree = "<group>";
		};
		2EB323571D619EBA0099FE11 /* Products */ = {
			isa = PBXGroup;
			children = (
				2EB323561D619EBA0099FE11 /* AppStateCoordinator.framework */,
				2EB323601D619EBA0099FE11 /* AppStateCoordinatorTests.xctest */,
			);
			name = Products;
			sourceTree = "<group>";
		};
		2EB323581D619EBA0099FE11 /* AppStateCoordinator */ = {
			isa = PBXGroup;
			children = (
				2EB323771D61A7C60099FE11 /* AppState.swift */,
				2EB323781D61A7C60099FE11 /* AppStateCoordinator.swift */,
				2EB323791D61A7C60099FE11 /* AppStateViewController.swift */,
				2EE919E81E4104090097AFBB /* ViewControllerStep.swift */,
				2EB323591D619EBA0099FE11 /* AppStateCoordinator.h */,
				2EB3235B1D619EBA0099FE11 /* Info.plist */,
			);
			path = AppStateCoordinator;
			sourceTree = "<group>";
		};
		2EB323641D619EBA0099FE11 /* AppStateCoordinatorTests */ = {
			isa = PBXGroup;
			children = (
				2EB323651D619EBA0099FE11 /* AppStateCoordinatorTests.swift */,
				2EB323671D619EBA0099FE11 /* Info.plist */,
			);
			path = AppStateCoordinatorTests;
			sourceTree = "<group>";
		};
/* End PBXGroup section */

/* Begin PBXHeadersBuildPhase section */
		2EB323531D619EBA0099FE11 /* Headers */ = {
			isa = PBXHeadersBuildPhase;
			buildActionMask = 2147483647;
			files = (
				2EB3235A1D619EBA0099FE11 /* AppStateCoordinator.h in Headers */,
			);
			runOnlyForDeploymentPostprocessing = 0;
		};
/* End PBXHeadersBuildPhase section */

/* Begin PBXNativeTarget section */
		2EB323551D619EBA0099FE11 /* AppStateCoordinator */ = {
			isa = PBXNativeTarget;
			buildConfigurationList = 2EB3236A1D619EBA0099FE11 /* Build configuration list for PBXNativeTarget "AppStateCoordinator" */;
			buildPhases = (
				2EB323511D619EBA0099FE11 /* Sources */,
				2EB323521D619EBA0099FE11 /* Frameworks */,
				2EB323531D619EBA0099FE11 /* Headers */,
				2EB323541D619EBA0099FE11 /* Resources */,
			);
			buildRules = (
			);
			dependencies = (
			);
			name = AppStateCoordinator;
			productName = AppStateCoordinator;
			productReference = 2EB323561D619EBA0099FE11 /* AppStateCoordinator.framework */;
			productType = "com.apple.product-type.framework";
		};
		2EB3235F1D619EBA0099FE11 /* AppStateCoordinatorTests */ = {
			isa = PBXNativeTarget;
			buildConfigurationList = 2EB3236D1D619EBA0099FE11 /* Build configuration list for PBXNativeTarget "AppStateCoordinatorTests" */;
			buildPhases = (
				2EB3235C1D619EBA0099FE11 /* Sources */,
				2EB3235D1D619EBA0099FE11 /* Frameworks */,
				2EB3235E1D619EBA0099FE11 /* Resources */,
			);
			buildRules = (
			);
			dependencies = (
				2EB323631D619EBA0099FE11 /* PBXTargetDependency */,
			);
			name = AppStateCoordinatorTests;
			productName = AppStateCoordinatorTests;
			productReference = 2EB323601D619EBA0099FE11 /* AppStateCoordinatorTests.xctest */;
			productType = "com.apple.product-type.bundle.unit-test";
		};
/* End PBXNativeTarget section */

/* Begin PBXProject section */
		2EB3234D1D619EBA0099FE11 /* Project object */ = {
			isa = PBXProject;
			attributes = {
				LastSwiftUpdateCheck = 0730;
				LastUpgradeCheck = 0820;
				ORGANIZATIONNAME = "Morgan Wilde";
				TargetAttributes = {
					2EB323551D619EBA0099FE11 = {
						CreatedOnToolsVersion = 7.3.1;
						DevelopmentTeam = 3XUGAGS63P;
						LastSwiftMigration = 0820;
						ProvisioningStyle = Manual;
					};
					2EB3235F1D619EBA0099FE11 = {
						CreatedOnToolsVersion = 7.3.1;
						LastSwiftMigration = 0820;
					};
				};
			};
			buildConfigurationList = 2EB323501D619EBA0099FE11 /* Build configuration list for PBXProject "AppStateCoordinator" */;
			compatibilityVersion = "Xcode 3.2";
			developmentRegion = English;
			hasScannedForEncodings = 0;
			knownRegions = (
				en,
			);
			mainGroup = 2EB3234C1D619EBA0099FE11;
			productRefGroup = 2EB323571D619EBA0099FE11 /* Products */;
			projectDirPath = "";
			projectRoot = "";
			targets = (
				2EB323551D619EBA0099FE11 /* AppStateCoordinator */,
				2EB3235F1D619EBA0099FE11 /* AppStateCoordinatorTests */,
			);
		};
/* End PBXProject section */

/* Begin PBXResourcesBuildPhase section */
		2EB323541D619EBA0099FE11 /* Resources */ = {
			isa = PBXResourcesBuildPhase;
			buildActionMask = 2147483647;
			files = (
			);
			runOnlyForDeploymentPostprocessing = 0;
		};
		2EB3235E1D619EBA0099FE11 /* Resources */ = {
			isa = PBXResourcesBuildPhase;
			buildActionMask = 2147483647;
			files = (
			);
			runOnlyForDeploymentPostprocessing = 0;
		};
/* End PBXResourcesBuildPhase section */

/* Begin PBXSourcesBuildPhase section */
		2EB323511D619EBA0099FE11 /* Sources */ = {
			isa = PBXSourcesBuildPhase;
			buildActionMask = 2147483647;
			files = (
				2EE919E91E4104090097AFBB /* ViewControllerStep.swift in Sources */,
				2EB3237B1D61A7C60099FE11 /* AppStateCoordinator.swift in Sources */,
				2EB3237A1D61A7C60099FE11 /* AppState.swift in Sources */,
				2EB3237C1D61A7C60099FE11 /* AppStateViewController.swift in Sources */,
			);
			runOnlyForDeploymentPostprocessing = 0;
		};
		2EB3235C1D619EBA0099FE11 /* Sources */ = {
			isa = PBXSourcesBuildPhase;
			buildActionMask = 2147483647;
			files = (
				2EB323661D619EBA0099FE11 /* AppStateCoordinatorTests.swift in Sources */,
			);
			runOnlyForDeploymentPostprocessing = 0;
		};
/* End PBXSourcesBuildPhase section */

/* Begin PBXTargetDependency section */
		2EB323631D619EBA0099FE11 /* PBXTargetDependency */ = {
			isa = PBXTargetDependency;
			target = 2EB323551D619EBA0099FE11 /* AppStateCoordinator */;
			targetProxy = 2EB323621D619EBA0099FE11 /* PBXContainerItemProxy */;
		};
/* End PBXTargetDependency section */

/* Begin XCBuildConfiguration section */
		2EB323681D619EBA0099FE11 /* Debug */ = {
			isa = XCBuildConfiguration;
			buildSettings = {
				ALWAYS_SEARCH_USER_PATHS = NO;
				CLANG_ANALYZER_NONNULL = YES;
				CLANG_CXX_LANGUAGE_STANDARD = "gnu++0x";
				CLANG_CXX_LIBRARY = "libc++";
				CLANG_ENABLE_MODULES = YES;
				CLANG_ENABLE_OBJC_ARC = YES;
				CLANG_WARN_BOOL_CONVERSION = YES;
				CLANG_WARN_CONSTANT_CONVERSION = YES;
				CLANG_WARN_DIRECT_OBJC_ISA_USAGE = YES_ERROR;
				CLANG_WARN_EMPTY_BODY = YES;
				CLANG_WARN_ENUM_CONVERSION = YES;
				CLANG_WARN_INFINITE_RECURSION = YES;
				CLANG_WARN_INT_CONVERSION = YES;
				CLANG_WARN_OBJC_ROOT_CLASS = YES_ERROR;
				CLANG_WARN_SUSPICIOUS_MOVE = YES;
				CLANG_WARN_UNREACHABLE_CODE = YES;
				CLANG_WARN__DUPLICATE_METHOD_MATCH = YES;
				"CODE_SIGN_IDENTITY[sdk=iphoneos*]" = "iPhone Developer";
				COPY_PHASE_STRIP = NO;
				CURRENT_PROJECT_VERSION = 1;
				DEBUG_INFORMATION_FORMAT = dwarf;
				ENABLE_STRICT_OBJC_MSGSEND = YES;
				ENABLE_TESTABILITY = YES;
				GCC_C_LANGUAGE_STANDARD = gnu99;
				GCC_DYNAMIC_NO_PIC = NO;
				GCC_NO_COMMON_BLOCKS = YES;
				GCC_OPTIMIZATION_LEVEL = 0;
				GCC_PREPROCESSOR_DEFINITIONS = (
					"DEBUG=1",
					"$(inherited)",
				);
				GCC_WARN_64_TO_32_BIT_CONVERSION = YES;
				GCC_WARN_ABOUT_RETURN_TYPE = YES_ERROR;
				GCC_WARN_UNDECLARED_SELECTOR = YES;
				GCC_WARN_UNINITIALIZED_AUTOS = YES_AGGRESSIVE;
				GCC_WARN_UNUSED_FUNCTION = YES;
				GCC_WARN_UNUSED_VARIABLE = YES;
				IPHONEOS_DEPLOYMENT_TARGET = 9.3;
				MTL_ENABLE_DEBUG_INFO = YES;
				ONLY_ACTIVE_ARCH = YES;
				SDKROOT = iphoneos;
				SWIFT_OPTIMIZATION_LEVEL = "-Onone";
				TARGETED_DEVICE_FAMILY = "1,2";
				VERSIONING_SYSTEM = "apple-generic";
				VERSION_INFO_PREFIX = "";
			};
			name = Debug;
		};
		2EB323691D619EBA0099FE11 /* Release */ = {
			isa = XCBuildConfiguration;
			buildSettings = {
				ALWAYS_SEARCH_USER_PATHS = NO;
				CLANG_ANALYZER_NONNULL = YES;
				CLANG_CXX_LANGUAGE_STANDARD = "gnu++0x";
				CLANG_CXX_LIBRARY = "libc++";
				CLANG_ENABLE_MODULES = YES;
				CLANG_ENABLE_OBJC_ARC = YES;
				CLANG_WARN_BOOL_CONVERSION = YES;
				CLANG_WARN_CONSTANT_CONVERSION = YES;
				CLANG_WARN_DIRECT_OBJC_ISA_USAGE = YES_ERROR;
				CLANG_WARN_EMPTY_BODY = YES;
				CLANG_WARN_ENUM_CONVERSION = YES;
				CLANG_WARN_INFINITE_RECURSION = YES;
				CLANG_WARN_INT_CONVERSION = YES;
				CLANG_WARN_OBJC_ROOT_CLASS = YES_ERROR;
				CLANG_WARN_SUSPICIOUS_MOVE = YES;
				CLANG_WARN_UNREACHABLE_CODE = YES;
				CLANG_WARN__DUPLICATE_METHOD_MATCH = YES;
				"CODE_SIGN_IDENTITY[sdk=iphoneos*]" = "iPhone Developer";
				COPY_PHASE_STRIP = NO;
				CURRENT_PROJECT_VERSION = 1;
				DEBUG_INFORMATION_FORMAT = "dwarf-with-dsym";
				ENABLE_NS_ASSERTIONS = NO;
				ENABLE_STRICT_OBJC_MSGSEND = YES;
				GCC_C_LANGUAGE_STANDARD = gnu99;
				GCC_NO_COMMON_BLOCKS = YES;
				GCC_WARN_64_TO_32_BIT_CONVERSION = YES;
				GCC_WARN_ABOUT_RETURN_TYPE = YES_ERROR;
				GCC_WARN_UNDECLARED_SELECTOR = YES;
				GCC_WARN_UNINITIALIZED_AUTOS = YES_AGGRESSIVE;
				GCC_WARN_UNUSED_FUNCTION = YES;
				GCC_WARN_UNUSED_VARIABLE = YES;
				IPHONEOS_DEPLOYMENT_TARGET = 9.3;
				MTL_ENABLE_DEBUG_INFO = NO;
				SDKROOT = iphoneos;
				SWIFT_OPTIMIZATION_LEVEL = "-Owholemodule";
				TARGETED_DEVICE_FAMILY = "1,2";
				VALIDATE_PRODUCT = YES;
				VERSIONING_SYSTEM = "apple-generic";
				VERSION_INFO_PREFIX = "";
			};
			name = Release;
		};
		2EB3236B1D619EBA0099FE11 /* Debug */ = {
			isa = XCBuildConfiguration;
			buildSettings = {
				CLANG_ENABLE_MODULES = YES;
				"CODE_SIGN_IDENTITY[sdk=iphoneos*]" = "iPhone Developer";
				DEFINES_MODULE = YES;
				DEVELOPMENT_TEAM = 3XUGAGS63P;
				DYLIB_COMPATIBILITY_VERSION = 1;
				DYLIB_CURRENT_VERSION = 1;
				DYLIB_INSTALL_NAME_BASE = "@rpath";
				INFOPLIST_FILE = AppStateCoordinator/Info.plist;
				INSTALL_PATH = "$(LOCAL_LIBRARY_DIR)/Frameworks";
				IPHONEOS_DEPLOYMENT_TARGET = 10.0;
				LD_RUNPATH_SEARCH_PATHS = "$(inherited) @executable_path/Frameworks @loader_path/Frameworks";
				PRODUCT_BUNDLE_IDENTIFIER = MorganWilde.AppStateCoordinator;
				PRODUCT_NAME = "$(TARGET_NAME)";
				SKIP_INSTALL = YES;
				SWIFT_OPTIMIZATION_LEVEL = "-Onone";
				SWIFT_VERSION = 3.0;
			};
			name = Debug;
		};
		2EB3236C1D619EBA0099FE11 /* Release */ = {
			isa = XCBuildConfiguration;
			buildSettings = {
				CLANG_ENABLE_MODULES = YES;
				"CODE_SIGN_IDENTITY[sdk=iphoneos*]" = "iPhone Distribution";
				DEFINES_MODULE = YES;
				DEVELOPMENT_TEAM = 3XUGAGS63P;
				DYLIB_COMPATIBILITY_VERSION = 1;
				DYLIB_CURRENT_VERSION = 1;
				DYLIB_INSTALL_NAME_BASE = "@rpath";
				INFOPLIST_FILE = AppStateCoordinator/Info.plist;
				INSTALL_PATH = "$(LOCAL_LIBRARY_DIR)/Frameworks";
				IPHONEOS_DEPLOYMENT_TARGET = 10.0;
				LD_RUNPATH_SEARCH_PATHS = "$(inherited) @executable_path/Frameworks @loader_path/Frameworks";
				PRODUCT_BUNDLE_IDENTIFIER = MorganWilde.AppStateCoordinator;
				PRODUCT_NAME = "$(TARGET_NAME)";
				SKIP_INSTALL = YES;
				SWIFT_VERSION = 3.0;
			};
			name = Release;
		};
		2EB3236E1D619EBA0099FE11 /* Debug */ = {
			isa = XCBuildConfiguration;
			buildSettings = {
				INFOPLIST_FILE = AppStateCoordinatorTests/Info.plist;
				LD_RUNPATH_SEARCH_PATHS = "$(inherited) @executable_path/Frameworks @loader_path/Frameworks";
				PRODUCT_BUNDLE_IDENTIFIER = MorganWilde.AppStateCoordinatorTests;
				PRODUCT_NAME = "$(TARGET_NAME)";
				SWIFT_VERSION = 3.0;
			};
			name = Debug;
		};
		2EB3236F1D619EBA0099FE11 /* Release */ = {
			isa = XCBuildConfiguration;
			buildSettings = {
				INFOPLIST_FILE = AppStateCoordinatorTests/Info.plist;
				LD_RUNPATH_SEARCH_PATHS = "$(inherited) @executable_path/Frameworks @loader_path/Frameworks";
				PRODUCT_BUNDLE_IDENTIFIER = MorganWilde.AppStateCoordinatorTests;
				PRODUCT_NAME = "$(TARGET_NAME)";
				SWIFT_VERSION = 3.0;
			};
			name = Release;
		};
/* End XCBuildConfiguration section */

/* Begin XCConfigurationList section */
		2EB323501D619EBA0099FE11 /* Build configuration list for PBXProject "AppStateCoordinator" */ = {
			isa = XCConfigurationList;
			buildConfigurations = (
				2EB323681D619EBA0099FE11 /* Debug */,
				2EB323691D619EBA0099FE11 /* Release */,
			);
			defaultConfigurationIsVisible = 0;
			defaultConfigurationName = Release;
		};
		2EB3236A1D619EBA0099FE11 /* Build configuration list for PBXNativeTarget "AppStateCoordinator" */ = {
			isa = XCConfigurationList;
			buildConfigurations = (
				2EB3236B1D619EBA0099FE11 /* Debug */,
				2EB3236C1D619EBA0099FE11 /* Release */,
			);
			defaultConfigurationIsVisible = 0;
			defaultConfigurationName = Release;
		};
		2EB3236D1D619EBA0099FE11 /* Build configuration list for PBXNativeTarget "AppStateCoordinatorTests" */ = {
			isa = XCConfigurationList;
			buildConfigurations = (
				2EB3236E1D619EBA0099FE11 /* Debug */,
				2EB3236F1D619EBA0099FE11 /* Release */,
			);
			defaultConfigurationIsVisible = 0;
			defaultConfigurationName = Release;
		};
/* End XCConfigurationList section */
	};
	rootObject = 2EB3234D1D619EBA0099FE11 /* Project object */;
}
